
Microsoft Visual Studio Solution File, Format Version 12.00
# Visual Studio 15
VisualStudioVersion = 15.0.27703.2047
MinimumVisualStudioVersion = 10.0.40219.1
Project("{FAE04EC0-301F-11D3-BF4B-00C04F79EFBC}") = "CalcFreelancer.Domain.Core", "CalcFreelancer.Domain.Core\CalcFreelancer.Domain.Core.csproj", "{DDD55A43-2E03-4851-8F5A-9ACC3B227B0F}"
EndProject
Global
	GlobalSection(SolutionConfigurationPlatforms) = preSolution
		Debug|Any CPU = Debug|Any CPU
		Release|Any CPU = Release|Any CPU
	EndGlobalSection
	GlobalSection(ProjectConfigurationPlatforms) = postSolution
		{DDD55A43-2E03-4851-8F5A-9ACC3B227B0F}.Debug|Any CPU.ActiveCfg = Debug|Any CPU
		{DDD55A43-2E03-4851-8F5A-9ACC3B227B0F}.Debug|Any CPU.Build.0 = Debug|Any CPU
		{DDD55A43-2E03-4851-8F5A-9ACC3B227B0F}.Release|Any CPU.ActiveCfg = Release|Any CPU
		{DDD55A43-2E03-4851-8F5A-9ACC3B227B0F}.Release|Any CPU.Build.0 = Release|Any CPU
	EndGlobalSection
	GlobalSection(SolutionProperties) = preSolution
		HideSolutionNode = FALSE
	EndGlobalSection
	GlobalSection(ExtensibilityGlobals) = postSolution
		SolutionGuid = {C9DE7355-0363-4E2F-8171-CF848C07DB13}
	EndGlobalSection
EndGlobal
